
Microsoft Visual Studio Solution File, Format Version 12.00
# Visual Studio Version 17
VisualStudioVersion = 17.10.35004.147
MinimumVisualStudioVersion = 10.0.40219.1
Project("{FAE04EC0-301F-11D3-BF4B-00C04F79EFBC}") = "WebApplication1", "WebApplication1\WebApplication1.csproj", "{9FEB9FCF-53B3-4B68-8164-2CB3516C1AD5}"
EndProject
Global
	GlobalSection(SolutionConfigurationPlatforms) = preSolution
		Debug|Any CPU = Debug|Any CPU
		Release|Any CPU = Release|Any CPU
	EndGlobalSection
	GlobalSection(ProjectConfigurationPlatforms) = postSolution
		{9FEB9FCF-53B3-4B68-8164-2CB3516C1AD5}.Debug|Any CPU.ActiveCfg = Debug|Any CPU
		{9FEB9FCF-53B3-4B68-8164-2CB3516C1AD5}.Debug|Any CPU.Build.0 = Debug|Any CPU
		{9FEB9FCF-53B3-4B68-8164-2CB3516C1AD5}.Release|Any CPU.ActiveCfg = Release|Any CPU
		{9FEB9FCF-53B3-4B68-8164-2CB3516C1AD5}.Release|Any CPU.Build.0 = Release|Any CPU
	EndGlobalSection
	GlobalSection(SolutionProperties) = preSolution
		HideSolutionNode = FALSE
	EndGlobalSection
	GlobalSection(ExtensibilityGlobals) = postSolution
		SolutionGuid = {46FA3C22-0F7F-45F3-8CEA-DCC1C201ABF3}
	EndGlobalSection
EndGlobal
